# THIS IS AN AUTOGENERATED FILE. DO NOT EDIT THIS FILE DIRECTLY.
# yarn lockfile v1


"acorn-node@^1.2.0":
  "integrity" "sha512-8mt+fslDufLYntIoPAaIMUe/lrbrehIiwmR3t2k9LljIzoigEPF27eLk2hy8zSGzmR/ogr7zbRKINMo1u0yh5A=="
  "resolved" "https://registry.npmjs.org/acorn-node/-/acorn-node-1.8.2.tgz"
  "version" "1.8.2"
  dependencies:
    "acorn" "^7.0.0"
    "acorn-walk" "^7.0.0"
    "xtend" "^4.0.2"

"acorn-walk@^7.0.0":
  "integrity" "sha512-OPdCF6GsMIP+Az+aWfAAOEt2/+iVDKE7oy6lJ098aoe59oAmK76qV6Gw60SbZ8jHuG2wH058GF4pLFbYamYrVA=="
  "resolved" "https://registry.npmjs.org/acorn-walk/-/acorn-walk-7.2.0.tgz"
  "version" "7.2.0"

"acorn@^7.0.0":
  "integrity" "sha512-nQyp0o1/mNdbTO1PO6kHkwSrmgZ0MT/jCCpNiwbUjGoRN4dlBhqJtoQuCnEOKzgTVwg0ZWiCoQy6SxMebQVh8A=="
  "resolved" "https://registry.npmjs.org/acorn/-/acorn-7.4.1.tgz"
  "version" "7.4.1"

"amdefine@>=0.0.4":
  "integrity" "sha512-S2Hw0TtNkMJhIabBwIojKL9YHO5T0n5eNqWJ7Lrlel/zDbftQpxpapi8tZs3X1HWa+u+QeydGmzzNU0m09+Rcg=="
  "resolved" "https://registry.npmjs.org/amdefine/-/amdefine-1.0.1.tgz"
  "version" "1.0.1"

"autoprefixer-core@^3.1.1":
  "integrity" "sha512-zXBwCsV9nrVf2evKwUREELXvM0IL7bg9k17EVku57I+nSVKXTyH7IvL4Nqit6wZkrY9b3ca6umNxh9SY5lIsuA=="
  "resolved" "https://registry.npmjs.org/autoprefixer-core/-/autoprefixer-core-3.1.2.tgz"
  "version" "3.1.2"
  dependencies:
    "caniuse-db" "^1.0.30000006"
    "postcss" "~2.2.5"

"base62@0.1.1":
  "integrity" "sha512-QtExujIOq/F672OkHmDi3CdkphOA1kSQ38gv03Ro3cplYQk831dq9GM3Q1oXAxpR5HNJjGjjjT2pHtBGAJu1jw=="
  "resolved" "https://registry.npmjs.org/base62/-/base62-0.1.1.tgz"
  "version" "0.1.1"

"builder-autoprefixer@^1.0.3":
  "integrity" "sha512-4z2QQnrzUiA3WOTk9scxj/EfKX5y7fPbwQa3up3qRw0ve3XztPnkQ4ZyC36L2NHY4zuEwA9tlu0QgAqxRyCfgg=="
  "resolved" "https://registry.npmjs.org/builder-autoprefixer/-/builder-autoprefixer-1.0.4.tgz"
  "version" "1.0.4"
  dependencies:
    "autoprefixer-core" "^3.1.1"

"builder-es6-module-to-cjs@^1.1.0":
  "integrity" "sha512-HrhpHzBl7xqfADs9OHCsOw9TdE3jiU30rlHaLGZNuELvitfow96BWCO/nO6akval3V6/4ytzH/aMmsE7PtUrrg=="
  "resolved" "https://registry.npmjs.org/builder-es6-module-to-cjs/-/builder-es6-module-to-cjs-1.1.0.tgz"
  "version" "1.1.0"
  dependencies:
    "es6-module-jstransform" "^0.1.2"
    "is-module" "^1.0.0"

"caniuse-db@^1.0.30000006":
  "integrity" "sha512-6HILku0WCetV9cWNByRoAujXK6NeSB0a1VykGwAJY1k4lY0FUCT9G1lUdVIloaxarzreTHvDCjdZF7LIxkr19w=="
  "resolved" "https://registry.npmjs.org/caniuse-db/-/caniuse-db-1.0.30001352.tgz"
  "version" "1.0.30001352"

"chanel@^2.0.0":
  "integrity" "sha512-lI0+F41XPgIMrTBre4o0/OQUuiFMo2w8pk0ww/wpIOsRwV1s+c1fksEdnxfyK7OrBmYxDaqmTgI4YgXfXZ6UHA=="
  "resolved" "https://registry.npmjs.org/chanel/-/chanel-2.2.0.tgz"
  "version" "2.2.0"
  dependencies:
    "co" "*"
    "generator-supported" "*"
    "to-descriptor" "*"

"co@*", "co@^3.1.0":
  "integrity" "sha512-CQsjCRiNObI8AtTsNIBDRMQ4oMR83CzEswHYahClvul7gKk+lDQiOKv+5qh7LQWf5sh6jkZNispz/QlsZxyNgA=="
  "resolved" "https://registry.npmjs.org/co/-/co-3.1.0.tgz"
  "version" "3.1.0"

"component-build@^1.2.2":
  "integrity" "sha512-CpLWNhClvE68T9a3UZnAG3L3LdCiHDZlA0ufErCXUYPil9agI1d2ucejxl3h5hk1dfzzcdhAD8gPq54pxsHcuA=="
  "resolved" "https://registry.npmjs.org/component-build/-/component-build-1.2.2.tgz"
  "version" "1.2.2"
  dependencies:
    "builder-autoprefixer" "^1.0.3"
    "builder-es6-module-to-cjs" "^1.1.0"
    "component-builder" "^1.1.12"
    "debug" "*"

"component-builder@^1.1.12":
  "integrity" "sha512-iNjEioqOs2PTnIxIn+jRaGdtEAw8ncUPwqSJ4c99A2bAwZnZSHklv1R5QPVqmZYlpYMT3SGSc2zmvmwGK3tgrw=="
  "resolved" "https://registry.npmjs.org/component-builder/-/component-builder-1.2.1.tgz"
  "version" "1.2.1"
  dependencies:
    "chanel" "^2.0.0"
    "co" "^3.1.0"
    "component-flatten" "^1.0.1"
    "component-manifest" "^1.0.0"
    "component-require2" "^1.0.1"
    "cp" "^0.1.1"
    "debug" "*"
    "generator-supported" "~0.0.1"
    "graceful-fs" "^2.0.3"
    "mkdirp" "^0.3.5"
    "requires" "^1.0.0"
    "syntax-error" "^1.1.1"

"component-flatten@^1.0.1":
  "integrity" "sha512-n0YexLJNbA7uhbBK8j0HBVi8DxzMDDXYQZWdo3Mn2cylllHCw7ZUkL3CMtQ8b2N5VEn6X5veC8bvAmdFCwmGxw=="
  "resolved" "https://registry.npmjs.org/component-flatten/-/component-flatten-1.0.1.tgz"
  "version" "1.0.1"
  dependencies:
    "semver" "^2.2.1"

"component-manifest@^1.0.0":
  "integrity" "sha512-4eBUmLhuTzmPccH65MaV/teGWLU4gn7duvdjksw4vpuXdLwK7bjBvGIETfv8Q46c54U2ehKCf/ueBXr4xD3alA=="
  "resolved" "https://registry.npmjs.org/component-manifest/-/component-manifest-1.0.0.tgz"
  "version" "1.0.0"
  dependencies:
    "debug" "*"
    "generator-supported" "~0.0.1"
    "graceful-fs" "^2.0.1"
    "unglob" "~0.1.1"

"component-require2@^1.0.1":
  "integrity" "sha512-FvrYPSLZxE85+jtnpyuRD9x6hfRzWWjXS6QyxMlf4ZA3miwqXbdMT+qqlYRZdwxu+POaN6dLZkMxLPqS9KR8lg=="
  "resolved" "https://registry.npmjs.org/component-require2/-/component-require2-1.1.1.tgz"
  "version" "1.1.1"

"cp@^0.1.1":
  "integrity" "sha512-ht9oKVsn1lAqV8FdUuSwBUQB8AG2cSyYbPim/mEwj+Dt3d21IRu2H5diDumMpKb77tsIAGM3eU484KvcTrPvHw=="
  "resolved" "https://registry.npmjs.org/cp/-/cp-0.1.1.tgz"
  "version" "0.1.1"

"debug@*":
  "integrity" "sha512-PRWFHuSU3eDtQJPvnNY7Jcket1j0t5OuOsFzPPzsekD52Zl8qUfFIPEiswXqIvHWGVHOgX+7G/vCNNhehwxfkQ=="
  "resolved" "https://registry.npmjs.org/debug/-/debug-4.3.4.tgz"
  "version" "4.3.4"
  dependencies:
    "ms" "2.1.2"

"es6-module-jstransform@^0.1.2":
  "integrity" "sha512-jICJqz4k0qOeGgSJ9fGjvWxnuLsC69qaaLTs3rGtO2ZnARpJ+nAzaXdcj+WPzGUl9KlwtpMD5tWd8l5TRgBfaA=="
  "resolved" "https://registry.npmjs.org/es6-module-jstransform/-/es6-module-jstransform-0.1.4.tgz"
  "version" "0.1.4"
  dependencies:
    "esprima-fb" "~3001.1.0-dev-harmony-fb"
    "jstransform" "~3.0.0"

"esprima-fb@~3001.1.0-dev-harmony-fb":
  "integrity" "sha512-a3RFiCVBiy8KdO6q/C+8BQiP/sRk8XshBU3QHHDP8tNzjYwR3FKBOImu+PXfVhPoZL0JKtJLBAOWlDMCCFY8SQ=="
  "resolved" "https://registry.yarnpkg.com/esprima-fb/-/esprima-fb-3001.0001.0000-dev-harmony-fb.tgz"
  "version" "3001.0001.0000-dev-harmony-fb"

"generator-supported@*", "generator-supported@~0.0.1":
  "integrity" "sha512-VfNqamgY6cuNhi6GF4NIYs5jtJsPZZtpMJl1lCBko5FNALeZ0WfXeG5WMke3lVwfYI6jH1BLZcXyukP9wtPhfw=="
  "resolved" "https://registry.npmjs.org/generator-supported/-/generator-supported-0.0.1.tgz"
  "version" "0.0.1"

"glob@~3.2.8":
  "integrity" "sha512-hVb0zwEZwC1FXSKRPFTeOtN7AArJcJlI6ULGLtrstaswKNlrTJqAA+1lYlSUop4vjA423xlBzqfVS3iWGlqJ+g=="
  "resolved" "https://registry.npmjs.org/glob/-/glob-3.2.11.tgz"
  "version" "3.2.11"
  dependencies:
    "inherits" "2"
    "minimatch" "0.3"

"graceful-fs@^2.0.1", "graceful-fs@^2.0.3":
  "integrity" "sha512-hcj/NTUWv+C3MbqrVb9F+aH6lvTwEHJdx2foBxlrVq5h6zE8Bfu4pv4CAAqbDcZrw/9Ak5lsRXlY9Ao8/F0Tuw=="
  "resolved" "https://registry.npmjs.org/graceful-fs/-/graceful-fs-2.0.3.tgz"
  "version" "2.0.3"

"inherits@2":
  "integrity" "sha512-k/vGaX4/Yla3WzyMCvTQOXYeIHvqOKtnqBduzTHpzpQZzAskKMhZ2K+EnBiSM9zGSoIFeMpXKxa4dYeZIQqewQ=="
  "resolved" "https://registry.npmjs.org/inherits/-/inherits-2.0.4.tgz"
  "version" "2.0.4"

"is-module@^1.0.0":
  "integrity" "sha512-51ypPSPCoTEIN9dy5Oy+h4pShgJmPCygKfyRCISBI+JoWT/2oJvK8QPxmwv7b/p239jXrm9M1mlQbyKJ5A152g=="
  "resolved" "https://registry.npmjs.org/is-module/-/is-module-1.0.0.tgz"
  "version" "1.0.0"

"js-base64@~2.1.5":
  "integrity" "sha512-f+5mYh8iF7FlF7zgmj/yqvvYQUHI0kAxGiLjIfNxZzqJ7RQNc4sjgp8crVJw0Kzv2O6aFGZWgMTnO71I9utHSg=="
  "resolved" "https://registry.npmjs.org/js-base64/-/js-base64-2.1.9.tgz"
  "version" "2.1.9"

"js-tokens@^3.0.0 || ^4.0.0":
  "integrity" "sha512-RdJUflcE3cUzKiMqQgsCu06FPu9UdIJO0beYbPhHN4k6apgJtifcoCtT9bcxOpYBtpD2kCM6Sbzg4CausW/PKQ=="
  "resolved" "https://registry.npmjs.org/js-tokens/-/js-tokens-4.0.0.tgz"
  "version" "4.0.0"

"jstransform@~3.0.0":
  "integrity" "sha512-sMwqW0EdQk2A5NjddlcSSLp6t7pIknOrJtxPU3kMN82RJXPGbdC3fcM5VhIsApNKL1hpeH38iSQsJRbgprPQZg=="
  "resolved" "https://registry.npmjs.org/jstransform/-/jstransform-3.0.0.tgz"
  "version" "3.0.0"
  dependencies:
    "base62" "0.1.1"
    "esprima-fb" "~3001.1.0-dev-harmony-fb"
    "source-map" "0.1.31"

"loose-envify@^1.1.0":
  "integrity" "sha512-lyuxPGr/Wfhrlem2CL/UcnUc1zcqKAImBDzukY7Y5F/yQiNdko6+fRLevlw1HgMySw7f611UIY408EtxRSoK3Q=="
  "resolved" "https://registry.npmjs.org/loose-envify/-/loose-envify-1.4.0.tgz"
  "version" "1.4.0"
  dependencies:
    "js-tokens" "^3.0.0 || ^4.0.0"

"lru-cache@2":
  "integrity" "sha512-WpibWJ60c3AgAz8a2iYErDrcT2C7OmKnsWhIcHOjkUHFjkXncJhtLxNSqUmxRxRunpb5I8Vprd7aNSd2NtksJQ=="
  "resolved" "https://registry.npmjs.org/lru-cache/-/lru-cache-2.7.3.tgz"
  "version" "2.7.3"

"minimatch@~0.2.14":
  "integrity" "sha512-zZ+Jy8lVWlvqqeM8iZB7w7KmQkoJn8djM585z88rywrEbzoqawVa9FR5p2hwD+y74nfuKOjmNvi9gtWJNLqHvA=="
  "resolved" "https://registry.npmjs.org/minimatch/-/minimatch-0.2.14.tgz"
  "version" "0.2.14"
  dependencies:
    "lru-cache" "2"
    "sigmund" "~1.0.0"

"minimatch@0.3":
  "integrity" "sha512-WFX1jI1AaxNTZVOHLBVazwTWKaQjoykSzCBNXB72vDTCzopQGtyP91tKdFK5cv1+qMwPyiTu1HqUriqplI8pcA=="
  "resolved" "https://registry.npmjs.org/minimatch/-/minimatch-0.3.0.tgz"
  "version" "0.3.0"
  dependencies:
    "lru-cache" "2"
    "sigmund" "~1.0.0"

"mkdirp@^0.3.5":
  "integrity" "sha512-8OCq0De/h9ZxseqzCH8Kw/Filf5pF/vMI6+BH7Lu0jXz2pqYCjTAQRolSxRIi+Ax+oCCjlxoJMP0YQ4XlrQNHg=="
  "resolved" "https://registry.npmjs.org/mkdirp/-/mkdirp-0.3.5.tgz"
  "version" "0.3.5"

"ms@2.1.2":
  "integrity" "sha512-sGkPx+VjMtmA6MX27oA4FBFELFCZZ4S4XqeGOXCv68tT+jb3vk/RyaKWP0PTKyWtmLSM0b+adUTEvbs1PEaH2w=="
  "resolved" "https://registry.npmjs.org/ms/-/ms-2.1.2.tgz"
  "version" "2.1.2"

"postcss@~2.2.5":
  "integrity" "sha512-8zk4tZ73/ddVQ+Cg2Ca/U4CGT1SAzDYriJDYrRp9ZvNXJPWwYlJaSjHSUJLFKlmuaUjCJvtDnKTwwDpoie55Yw=="
  "resolved" "https://registry.npmjs.org/postcss/-/postcss-2.2.6.tgz"
  "version" "2.2.6"
  dependencies:
    "js-base64" "~2.1.5"
    "source-map" "~0.1.40"

"react-dom@^18.2.0":
  "integrity" "sha512-6IMTriUmvsjHUjNtEDudZfuDQUoWXVxKHhlEGSk81n4YFS+r/Kl99wXiwlVXtPBtJenozv2P+hxDsw9eA7Xo6g=="
  "resolved" "https://registry.npmjs.org/react-dom/-/react-dom-18.2.0.tgz"
  "version" "18.2.0"
  dependencies:
    "loose-envify" "^1.1.0"
    "scheduler" "^0.23.0"

"react@^18.2.0":
  "integrity" "sha512-/3IjMdb2L9QbBdWiW5e3P2/npwMBaU9mHCSCUzNln0ZCYbcfTsGbTJrU/kGemdH2IWmB2ioZ+zkxtmq6g09fGQ=="
  "resolved" "https://registry.npmjs.org/react/-/react-18.2.0.tgz"
  "version" "18.2.0"
  dependencies:
    "loose-envify" "^1.1.0"

"requires@^1.0.0":
  "integrity" "sha512-X0owrXW/+IVhkwoYHL9ZKQQBfq+5NiPVmw6ev7LhWFecMmx9uhbBzjbR/xxv9bRSsHorSrUpQm6WNQdUxnlGtg=="
  "resolved" "https://registry.npmjs.org/requires/-/requires-1.0.2.tgz"
  "version" "1.0.2"

"scheduler@^0.23.0":
  "integrity" "sha512-CtuThmgHNg7zIZWAXi3AsyIzA3n4xx7aNyjwC2VJldO2LMVDhFK+63xGqq6CsJH4rTAt6/M+N4GhZiDYPx9eUw=="
  "resolved" "https://registry.npmjs.org/scheduler/-/scheduler-0.23.0.tgz"
  "version" "0.23.0"
  dependencies:
    "loose-envify" "^1.1.0"

"semver@^2.2.1":
  "integrity" "sha512-abLdIKCosKfpnmhS52NCTjO4RiLspDfsn37prjzGrp9im5DPJOgh82Os92vtwGh6XdQryKI/7SREZnV+aqiXrA=="
  "resolved" "https://registry.npmjs.org/semver/-/semver-2.3.2.tgz"
  "version" "2.3.2"

"sigmund@~1.0.0":
  "integrity" "sha512-fCvEXfh6NWpm+YSuY2bpXb/VIihqWA6hLsgboC+0nl71Q7N7o2eaCW8mJa/NLvQhs6jpd3VZV4UiUQlV6+lc8g=="
  "resolved" "https://registry.npmjs.org/sigmund/-/sigmund-1.0.1.tgz"
  "version" "1.0.1"

"source-map@~0.1.40":
  "integrity" "sha512-VtCvB9SIQhk3aF6h+N85EaqIaBFIAfZ9Cu+NJHHVvc8BbEcnvDcFw6sqQ2dQrT6SlOrZq3tIvyD9+EGq/lJryQ=="
  "resolved" "https://registry.npmjs.org/source-map/-/source-map-0.1.43.tgz"
  "version" "0.1.43"
  dependencies:
    "amdefine" ">=0.0.4"

"source-map@0.1.31":
  "integrity" "sha512-qFALUiKHo35Duky0Ubmb5YKj9b3c6CcgGNGeI60sd6Nn3KaY7h9fclEOcCVk0hwszwYYP6+X2/jpS5hHqqVuig=="
  "resolved" "https://registry.npmjs.org/source-map/-/source-map-0.1.31.tgz"
  "version" "0.1.31"
  dependencies:
    "amdefine" ">=0.0.4"

"syntax-error@^1.1.1":
  "integrity" "sha512-YPPlu67mdnHGTup2A8ff7BC2Pjq0e0Yp/IyTFN03zWO0RcK07uLcbi7C2KpGR2FvWbaB0+bfE27a+sBKebSo7w=="
  "resolved" "https://registry.npmjs.org/syntax-error/-/syntax-error-1.4.0.tgz"
  "version" "1.4.0"
  dependencies:
    "acorn-node" "^1.2.0"

"to-descriptor@*":
  "integrity" "sha512-wxfaAjsoz5ptZjuqkEe7KLQ0VvdBH8a+FFzdmeVD9c7TWU9KCzLAC3li4bZ8xiPJsZMqVnZWM/7glZQngMTeEQ=="
  "resolved" "https://registry.npmjs.org/to-descriptor/-/to-descriptor-1.0.1.tgz"
  "version" "1.0.1"

"unglob@~0.1.1":
  "integrity" "sha512-L+VIVtnV3YV9INYG6rWVXaq7yBVzecxstKEuns5niJiKh1XLC3xrOsbVEnyyHhjlTL4eEeaFCmXQhZgXAEw9pA=="
  "resolved" "https://registry.npmjs.org/unglob/-/unglob-0.1.2.tgz"
  "version" "0.1.2"
  dependencies:
    "generator-supported" "~0.0.1"
    "glob" "~3.2.8"
    "minimatch" "~0.2.14"

"xtend@^4.0.2":
  "integrity" "sha512-LKYU1iAXJXUgAXn9URjiu+MWhyUXHsvfp7mcuYm9dSUKK0/CjtrUwFAxD82/mCWbtLsGjFIad0wIsod4zrTAEQ=="
  "resolved" "https://registry.npmjs.org/xtend/-/xtend-4.0.2.tgz"
  "version" "4.0.2"
